github.com/mandykoh/prism v0.8.0 h1:/HTq4PyC8tlBICs/BEYK6f6WAz718ZlwDcWfmc4iS7U=
github.com/mandykoh/prism v0.8.0/go.mod h1:G6W7/9SCeyI/1BDl8Tyto5UrDequPKPVwHhfnVBlFq0=
github.com/mandykoh/prism v0.13.0 h1:MvCf+OXnOxN16rgBdpnvF0t7CXQt8PneoDQpK5lgIoI=
github.com/mandykoh/prism v0.13.0/go.mod h1:G6W7/9SCeyI/1BDl8Tyto5UrDequPKPVwHhfnVBlFq0=
